
Microsoft Visual Studio Solution File, Format Version 12.00
# Visual Studio Version 16
VisualStudioVersion = 16.0.30225.117
MinimumVisualStudioVersion = 10.0.40219.1
Project("{9A19103F-16F7-4668-BE54-9A1E7A4F7556}") = "Reward_448A", "Reward_448A\Reward_448A.csproj", "{47332E08-E10D-4329-A9E6-A8BAEC9A9E9A}"
EndProject
Project("{9A19103F-16F7-4668-BE54-9A1E7A4F7556}") = "DistictDigits_1228A", "DistictDigits_1228A\DistictDigits_1228A.csproj", "{FB2C3622-5F28-4DDE-80D3-C0E4DF9F1E71}"
EndProject
Project("{FAE04EC0-301F-11D3-BF4B-00C04F79EFBC}") = "Chips Moving_1213A", "Chips Moving_1213A\Chips Moving_1213A.csproj", "{101C59EB-E736-4879-BD50-73C4C6A19C65}"
EndProject
Project("{FAE04EC0-301F-11D3-BF4B-00C04F79EFBC}") = "Hotilier_1200A", "Hotilier_1200A\Hotilier_1200A.csproj", "{42831B0A-B96C-40C5-A880-E81ED83F31C7}"
EndProject
Project("{FAE04EC0-301F-11D3-BF4B-00C04F79EFBC}") = "New Year and the Christmas Ornament_1091A", "New Year and the Christmas Ornament_1091A\New Year and the Christmas Ornament_1091A.csproj", "{8C90507D-9013-45DF-9C03-461BB233A6F8}"
EndProject
Global
	GlobalSection(SolutionConfigurationPlatforms) = preSolution
		Debug|Any CPU = Debug|Any CPU
		Release|Any CPU = Release|Any CPU
	EndGlobalSection
	GlobalSection(ProjectConfigurationPlatforms) = postSolution
		{47332E08-E10D-4329-A9E6-A8BAEC9A9E9A}.Debug|Any CPU.ActiveCfg = Debug|Any CPU
		{47332E08-E10D-4329-A9E6-A8BAEC9A9E9A}.Debug|Any CPU.Build.0 = Debug|Any CPU
		{47332E08-E10D-4329-A9E6-A8BAEC9A9E9A}.Release|Any CPU.ActiveCfg = Release|Any CPU
		{47332E08-E10D-4329-A9E6-A8BAEC9A9E9A}.Release|Any CPU.Build.0 = Release|Any CPU
		{FB2C3622-5F28-4DDE-80D3-C0E4DF9F1E71}.Debug|Any CPU.ActiveCfg = Debug|Any CPU
		{FB2C3622-5F28-4DDE-80D3-C0E4DF9F1E71}.Debug|Any CPU.Build.0 = Debug|Any CPU
		{FB2C3622-5F28-4DDE-80D3-C0E4DF9F1E71}.Release|Any CPU.ActiveCfg = Release|Any CPU
		{FB2C3622-5F28-4DDE-80D3-C0E4DF9F1E71}.Release|Any CPU.Build.0 = Release|Any CPU
		{101C59EB-E736-4879-BD50-73C4C6A19C65}.Debug|Any CPU.ActiveCfg = Debug|Any CPU
		{101C59EB-E736-4879-BD50-73C4C6A19C65}.Debug|Any CPU.Build.0 = Debug|Any CPU
		{101C59EB-E736-4879-BD50-73C4C6A19C65}.Release|Any CPU.ActiveCfg = Release|Any CPU
		{101C59EB-E736-4879-BD50-73C4C6A19C65}.Release|Any CPU.Build.0 = Release|Any CPU
		{42831B0A-B96C-40C5-A880-E81ED83F31C7}.Debug|Any CPU.ActiveCfg = Debug|Any CPU
		{42831B0A-B96C-40C5-A880-E81ED83F31C7}.Debug|Any CPU.Build.0 = Debug|Any CPU
		{42831B0A-B96C-40C5-A880-E81ED83F31C7}.Release|Any CPU.ActiveCfg = Release|Any CPU
		{42831B0A-B96C-40C5-A880-E81ED83F31C7}.Release|Any CPU.Build.0 = Release|Any CPU
		{8C90507D-9013-45DF-9C03-461BB233A6F8}.Debug|Any CPU.ActiveCfg = Debug|Any CPU
		{8C90507D-9013-45DF-9C03-461BB233A6F8}.Debug|Any CPU.Build.0 = Debug|Any CPU
		{8C90507D-9013-45DF-9C03-461BB233A6F8}.Release|Any CPU.ActiveCfg = Release|Any CPU
		{8C90507D-9013-45DF-9C03-461BB233A6F8}.Release|Any CPU.Build.0 = Release|Any CPU
	EndGlobalSection
	GlobalSection(SolutionProperties) = preSolution
		HideSolutionNode = FALSE
	EndGlobalSection
	GlobalSection(ExtensibilityGlobals) = postSolution
		SolutionGuid = {8F8CF32D-1063-4D5F-8673-E514CC561FDD}
	EndGlobalSection
EndGlobal
